
Microsoft Visual Studio Solution File, Format Version 12.00
# Visual Studio 15
VisualStudioVersion = 15.0.27703.2000
MinimumVisualStudioVersion = 10.0.40219.1
Project("{9A19103F-16F7-4668-BE54-9A1E7A4F7556}") = "SandDiag", "SandDiag\SandDiag.csproj", "{F383CFA4-11D8-4C66-8077-2503C758E2A7}"
EndProject
Project("{7CF6DF6D-3B04-46F8-A40B-537D21BCA0B4}") = "Documentation1", "Documentation1\Documentation1.shfbproj", "{60BAD34A-E00D-466D-A733-F05071BDEA99}"
EndProject
Project("{2150E333-8FDC-42A3-9474-1A3956D46DE8}") = "Solution Items", "Solution Items", "{C3BA5B3C-8D31-4869-A4F7-F8DF28DE4C86}"
	ProjectSection(SolutionItems) = preProject
		ProblemReport.txt = ProblemReport.txt
	EndProjectSection
EndProject
Global
	GlobalSection(SolutionConfigurationPlatforms) = preSolution
		Debug|Any CPU = Debug|Any CPU
		Release|Any CPU = Release|Any CPU
	EndGlobalSection
	GlobalSection(ProjectConfigurationPlatforms) = postSolution
		{F383CFA4-11D8-4C66-8077-2503C758E2A7}.Debug|Any CPU.ActiveCfg = Debug|Any CPU
		{F383CFA4-11D8-4C66-8077-2503C758E2A7}.Debug|Any CPU.Build.0 = Debug|Any CPU
		{F383CFA4-11D8-4C66-8077-2503C758E2A7}.Release|Any CPU.ActiveCfg = Release|Any CPU
		{F383CFA4-11D8-4C66-8077-2503C758E2A7}.Release|Any CPU.Build.0 = Release|Any CPU
		{60BAD34A-E00D-466D-A733-F05071BDEA99}.Debug|Any CPU.ActiveCfg = Debug|Any CPU
		{60BAD34A-E00D-466D-A733-F05071BDEA99}.Debug|Any CPU.Build.0 = Debug|Any CPU
		{60BAD34A-E00D-466D-A733-F05071BDEA99}.Release|Any CPU.ActiveCfg = Release|Any CPU
		{60BAD34A-E00D-466D-A733-F05071BDEA99}.Release|Any CPU.Build.0 = Release|Any CPU
	EndGlobalSection
	GlobalSection(SolutionProperties) = preSolution
		HideSolutionNode = FALSE
	EndGlobalSection
	GlobalSection(ExtensibilityGlobals) = postSolution
		SolutionGuid = {5A4B207E-6292-4A03-B9C0-E0AA08F80DD6}
	EndGlobalSection
EndGlobal
